<?xml version="1.0" encoding="utf-8"?>
<Project ToolsVersion="4.0" xmlns="http://schemas.microsoft.com/developer/msbuild/2003">
  <ItemGroup>
    <Filter Include="Source Files">
      <UniqueIdentifier>{4FC737F1-C7A5-4376-A066-2A32D752A2FF}</UniqueIdentifier>
      <Extensions>cpp;c;cc;cxx;def;odl;idl;hpj;bat;asm;asmx</Extensions>
    </Filter>
    <Filter Include="Resource Files">
      <UniqueIdentifier>{67DA6AB6-F800-4c08-8B7A-83BB121AAD01}</UniqueIdentifier>
      <Extensions>rc;ico;cur;bmp;dlg;rc2;rct;bin;rgs;gif;jpg;jpeg;jpe;resx;tiff;tif;png;wav;mfcribbon-ms</Extensions>
    </Filter>
    <Filter Include="Source Files\build">
      <UniqueIdentifier>{526f4e3d-da57-48ae-8e01-5548510a56b9}</UniqueIdentifier>
    </Filter>
    <Filter Include="Source Files\Objects">
      <UniqueIdentifier>{31fdc9af-865f-4154-8180-aac434e5908b}</UniqueIdentifier>
    </Filter>
    <Filter Include="Source Files\Utilities">
      <UniqueIdentifier>{1293a91b-bdac-404d-b2c3-9c183d9affb5}</UniqueIdentifier>
    </Filter>
    <Filter Include="Source Files\World">
      <UniqueIdentifier>{ca6d8fec-8496-4fc2-a55e-15cb75fcdae6}</UniqueIdentifier>
    </Filter>
    <Filter Include="Source Files\Renderer">
      <UniqueIdentifier>{94014b58-e9c4-4789-b2c9-ff15e1df4081}</UniqueIdentifier>
    </Filter>
    <Filter Include="Source Files\Illumination">
      <UniqueIdentifier>{376ed394-1dd8-41a1-b61d-fd1becaeec4f}</UniqueIdentifier>
    </Filter>
  </ItemGroup>
  <ItemGroup>
    <ClCompile Include="Sphere.cpp">
      <Filter>Source Files\Objects</Filter>
    </ClCompile>
    <ClCompile Include="Plane.cpp">
      <Filter>Source Files\Objects</Filter>
    </ClCompile>
    <ClCompile Include="Ray.cpp">
      <Filter>Source Files\Utilities</Filter>
    </ClCompile>
    <ClCompile Include="World.cpp">
      <Filter>Source Files\World</Filter>
    </ClCompile>
    <ClCompile Include="Renderer.cpp">
      <Filter>Source Files\Renderer</Filter>
    </ClCompile>
    <ClCompile Include="Build_test.cpp">
      <Filter>Source Files\build</Filter>
    </ClCompile>
    <ClCompile Include="Object.cpp">
      <Filter>Source Files\Objects</Filter>
    </ClCompile>
    <ClCompile Include="Point3D.cpp">
      <Filter>Source Files\Utilities</Filter>
    </ClCompile>
    <ClCompile Include="Normal.cpp">
      <Filter>Source Files\Utilities</Filter>
    </ClCompile>
    <ClCompile Include="Matrix.cpp">
      <Filter>Source Files\Utilities</Filter>
    </ClCompile>
    <ClCompile Include="Vector3D.cpp">
      <Filter>Source Files\Utilities</Filter>
    </ClCompile>
    <ClCompile Include="IntersectData.cpp">
      <Filter>Source Files\Utilities</Filter>
    </ClCompile>
    <ClCompile Include="Light.cpp">
      <Filter>Source Files\Illumination</Filter>
    </ClCompile>
    <ClCompile Include="PhongMaterial.cpp">
      <Filter>Source Files\Illumination</Filter>
    </ClCompile>
    <ClCompile Include="RGBColor.cpp">
      <Filter>Source Files\Utilities</Filter>
    </ClCompile>
    <ClCompile Include="Material.cpp">
      <Filter>Source Files\Illumination</Filter>
    </ClCompile>
    <ClCompile Include="ProceduralShade.cpp">
      <Filter>Source Files\Illumination</Filter>
    </ClCompile>
  </ItemGroup>
  <ItemGroup>
    <ClInclude Include="Plane.h">
      <Filter>Source Files\Objects</Filter>
    </ClInclude>
    <ClInclude Include="Ray.h">
      <Filter>Source Files\Utilities</Filter>
    </ClInclude>
    <ClInclude Include="World.h">
      <Filter>Source Files\World</Filter>
    </ClInclude>
    <ClInclude Include="Sphere.h">
      <Filter>Source Files\Objects</Filter>
    </ClInclude>
    <ClInclude Include="Object.h">
      <Filter>Source Files\Objects</Filter>
    </ClInclude>
    <ClInclude Include="Renderer.h">
      <Filter>Source Files\Renderer</Filter>
    </ClInclude>
    <ClInclude Include="Point3D.h">
      <Filter>Source Files\Utilities</Filter>
    </ClInclude>
    <ClInclude Include="Normal.h">
      <Filter>Source Files\Utilities</Filter>
    </ClInclude>
    <ClInclude Include="Matrix.h">
      <Filter>Source Files\Utilities</Filter>
    </ClInclude>
    <ClInclude Include="IntersectData.h">
      <Filter>Source Files\Utilities</Filter>
    </ClInclude>
    <ClInclude Include="Light.h">
      <Filter>Source Files\Illumination</Filter>
    </ClInclude>
    <ClInclude Include="Vector3D.h">
      <Filter>Source Files\Utilities</Filter>
    </ClInclude>
    <ClInclude Include="PhongMaterial.h">
      <Filter>Source Files\Illumination</Filter>
    </ClInclude>
    <ClInclude Include="RGBColor.h">
      <Filter>Source Files\Utilities</Filter>
    </ClInclude>
    <ClInclude Include="Material.h">
      <Filter>Source Files\Illumination</Filter>
    </ClInclude>
    <ClInclude Include="ProceduralShade.h">
      <Filter>Source Files\Illumination</Filter>
    </ClInclude>
  </ItemGroup>
  <ItemGroup>
    <ResourceCompile Include="RayTracey.rc">
      <Filter>Resource Files</Filter>
    </ResourceCompile>
  </ItemGroup>
</Project>