<?xml version="1.0" encoding="utf-8"?>
<Project ToolsVersion="4.0" xmlns="http://schemas.microsoft.com/developer/msbuild/2003">
  <ItemGroup>
    <Filter Include="shader">
      <UniqueIdentifier>{10d4c529-2e2c-4d5c-9494-6729ed0f6fc4}</UniqueIdentifier>
    </Filter>
    <Filter Include="util">
      <UniqueIdentifier>{f82c33c6-160e-4e14-b8f6-bc26f47d40ab}</UniqueIdentifier>
    </Filter>
    <Filter Include="main">
      <UniqueIdentifier>{82a80969-9340-449f-b6a3-a4ef294eebd2}</UniqueIdentifier>
    </Filter>
    <Filter Include="render">
      <UniqueIdentifier>{855801de-1fa7-4304-bdaa-a711c495a332}</UniqueIdentifier>
    </Filter>
    <Filter Include="terrain generation">
      <UniqueIdentifier>{4FC737F1-C7A5-4376-A066-2A32D752A2FF}</UniqueIdentifier>
      <Extensions>cpp;c;cc;cxx;def;odl;idl;hpj;bat;asm;asmx</Extensions>
    </Filter>
  </ItemGroup>
  <ItemGroup>
    <ClCompile Include="DiamondSquare.cpp">
      <Filter>terrain generation</Filter>
    </ClCompile>
    <ClCompile Include="Vector3D.cpp">
      <Filter>util</Filter>
    </ClCompile>
    <ClCompile Include="Point3D.cpp">
      <Filter>util</Filter>
    </ClCompile>
    <ClCompile Include="Normal.cpp">
      <Filter>util</Filter>
    </ClCompile>
    <ClCompile Include="Matrix.cpp">
      <Filter>util</Filter>
    </ClCompile>
    <ClCompile Include="Main.cpp">
      <Filter>main</Filter>
    </ClCompile>
    <ClCompile Include="ViewParams.cpp">
      <Filter>render</Filter>
    </ClCompile>
    <ClCompile Include="Renderer.cpp">
      <Filter>render</Filter>
    </ClCompile>
    <ClCompile Include="LightParams.cpp">
      <Filter>render</Filter>
    </ClCompile>
    <ClCompile Include="RGBColor.cpp">
      <Filter>util</Filter>
    </ClCompile>
    <ClCompile Include="shaderSetup.cpp">
      <Filter>util</Filter>
    </ClCompile>
  </ItemGroup>
  <ItemGroup>
    <ClInclude Include="Vector3D.h">
      <Filter>util</Filter>
    </ClInclude>
    <ClInclude Include="Matrix.h">
      <Filter>util</Filter>
    </ClInclude>
    <ClInclude Include="Normal.h">
      <Filter>util</Filter>
    </ClInclude>
    <ClInclude Include="Point3D.h">
      <Filter>util</Filter>
    </ClInclude>
    <ClInclude Include="Renderer.h">
      <Filter>render</Filter>
    </ClInclude>
    <ClInclude Include="ViewParams.h">
      <Filter>render</Filter>
    </ClInclude>
    <ClInclude Include="DiamondSquare.h">
      <Filter>terrain generation</Filter>
    </ClInclude>
    <ClInclude Include="LightParams.h">
      <Filter>render</Filter>
    </ClInclude>
    <ClInclude Include="RGBColor.h">
      <Filter>util</Filter>
    </ClInclude>
    <ClInclude Include="shaderSetup.h">
      <Filter>util</Filter>
    </ClInclude>
  </ItemGroup>
  <ItemGroup>
    <None Include="shader.frag">
      <Filter>shader</Filter>
    </None>
    <None Include="shader.vert">
      <Filter>shader</Filter>
    </None>
  </ItemGroup>
</Project>